
Microsoft Visual Studio Solution File, Format Version 12.00
# Visual Studio Version 17
VisualStudioVersion = 17.9.34728.123
MinimumVisualStudioVersion = 10.0.40219.1
Project("{2150E333-8FDC-42A3-9474-1A3956D46DE8}") = "src", "src", "{66D2EDF2-8346-4299-B82B-407DEA39A47F}"
EndProject
Project("{2150E333-8FDC-42A3-9474-1A3956D46DE8}") = "test", "test", "{32778F1B-28B0-4E01-B745-15CE05A578C2}"
EndProject
Project("{2150E333-8FDC-42A3-9474-1A3956D46DE8}") = "sample", "sample", "{07DED9F4-4133-4BB8-88ED-875FC2981A13}"
EndProject
Project("{9A19103F-16F7-4668-BE54-9A1E7A4F7556}") = "Arrow.Avalonia", "src\Arrow.Avalonia\Arrow.Avalonia.csproj", "{E36B649B-81A5-4266-B3AF-3D9BD0679CD9}"
EndProject
Project("{9A19103F-16F7-4668-BE54-9A1E7A4F7556}") = "Arrow.Avalonia.Sample", "src\sample\Arrow.Avalonia.Sample\Arrow.Avalonia.Sample.csproj", "{A43CA968-19C1-4DEE-A01C-99F381C6CE19}"
EndProject
Project("{9A19103F-16F7-4668-BE54-9A1E7A4F7556}") = "Arrow.Avalonia.Sample.Android", "src\sample\Arrow.Avalonia.Sample.Android\Arrow.Avalonia.Sample.Android.csproj", "{F58146A5-E4B2-4720-9A2D-5779625E72C3}"
EndProject
Project("{9A19103F-16F7-4668-BE54-9A1E7A4F7556}") = "Arrow.Avalonia.Sample.Browser", "src\sample\Arrow.Avalonia.Sample.Browser\Arrow.Avalonia.Sample.Browser.csproj", "{2F81A1F2-74AE-4B75-9B5F-325BBA4A8580}"
EndProject
Project("{9A19103F-16F7-4668-BE54-9A1E7A4F7556}") = "Arrow.Avalonia.Sample.Desktop", "src\sample\Arrow.Avalonia.Sample.Desktop\Arrow.Avalonia.Sample.Desktop.csproj", "{92A0C398-0558-4DB9-936F-1D15EF69410C}"
EndProject
Project("{9A19103F-16F7-4668-BE54-9A1E7A4F7556}") = "Arrow.Avalonia.Sample.iOS", "src\sample\Arrow.Avalonia.Sample.iOS\Arrow.Avalonia.Sample.iOS.csproj", "{AE6A9E37-747B-4C0A-81B5-ED1DE048601E}"
EndProject
Global
	GlobalSection(SolutionConfigurationPlatforms) = preSolution
		Debug|Any CPU = Debug|Any CPU
		Release|Any CPU = Release|Any CPU
	EndGlobalSection
	GlobalSection(ProjectConfigurationPlatforms) = postSolution
		{E36B649B-81A5-4266-B3AF-3D9BD0679CD9}.Debug|Any CPU.ActiveCfg = Debug|Any CPU
		{E36B649B-81A5-4266-B3AF-3D9BD0679CD9}.Debug|Any CPU.Build.0 = Debug|Any CPU
		{E36B649B-81A5-4266-B3AF-3D9BD0679CD9}.Release|Any CPU.ActiveCfg = Release|Any CPU
		{E36B649B-81A5-4266-B3AF-3D9BD0679CD9}.Release|Any CPU.Build.0 = Release|Any CPU
		{A43CA968-19C1-4DEE-A01C-99F381C6CE19}.Debug|Any CPU.ActiveCfg = Debug|Any CPU
		{A43CA968-19C1-4DEE-A01C-99F381C6CE19}.Debug|Any CPU.Build.0 = Debug|Any CPU
		{A43CA968-19C1-4DEE-A01C-99F381C6CE19}.Release|Any CPU.ActiveCfg = Release|Any CPU
		{A43CA968-19C1-4DEE-A01C-99F381C6CE19}.Release|Any CPU.Build.0 = Release|Any CPU
		{F58146A5-E4B2-4720-9A2D-5779625E72C3}.Debug|Any CPU.ActiveCfg = Debug|Any CPU
		{F58146A5-E4B2-4720-9A2D-5779625E72C3}.Debug|Any CPU.Build.0 = Debug|Any CPU
		{F58146A5-E4B2-4720-9A2D-5779625E72C3}.Debug|Any CPU.Deploy.0 = Debug|Any CPU
		{F58146A5-E4B2-4720-9A2D-5779625E72C3}.Release|Any CPU.ActiveCfg = Release|Any CPU
		{F58146A5-E4B2-4720-9A2D-5779625E72C3}.Release|Any CPU.Build.0 = Release|Any CPU
		{2F81A1F2-74AE-4B75-9B5F-325BBA4A8580}.Debug|Any CPU.ActiveCfg = Debug|Any CPU
		{2F81A1F2-74AE-4B75-9B5F-325BBA4A8580}.Debug|Any CPU.Build.0 = Debug|Any CPU
		{2F81A1F2-74AE-4B75-9B5F-325BBA4A8580}.Release|Any CPU.ActiveCfg = Release|Any CPU
		{2F81A1F2-74AE-4B75-9B5F-325BBA4A8580}.Release|Any CPU.Build.0 = Release|Any CPU
		{92A0C398-0558-4DB9-936F-1D15EF69410C}.Debug|Any CPU.ActiveCfg = Debug|Any CPU
		{92A0C398-0558-4DB9-936F-1D15EF69410C}.Debug|Any CPU.Build.0 = Debug|Any CPU
		{92A0C398-0558-4DB9-936F-1D15EF69410C}.Release|Any CPU.ActiveCfg = Release|Any CPU
		{92A0C398-0558-4DB9-936F-1D15EF69410C}.Release|Any CPU.Build.0 = Release|Any CPU
		{AE6A9E37-747B-4C0A-81B5-ED1DE048601E}.Debug|Any CPU.ActiveCfg = Debug|Any CPU
		{AE6A9E37-747B-4C0A-81B5-ED1DE048601E}.Debug|Any CPU.Build.0 = Debug|Any CPU
		{AE6A9E37-747B-4C0A-81B5-ED1DE048601E}.Release|Any CPU.ActiveCfg = Release|Any CPU
		{AE6A9E37-747B-4C0A-81B5-ED1DE048601E}.Release|Any CPU.Build.0 = Release|Any CPU
	EndGlobalSection
	GlobalSection(SolutionProperties) = preSolution
		HideSolutionNode = FALSE
	EndGlobalSection
	GlobalSection(NestedProjects) = preSolution
		{07DED9F4-4133-4BB8-88ED-875FC2981A13} = {66D2EDF2-8346-4299-B82B-407DEA39A47F}
		{E36B649B-81A5-4266-B3AF-3D9BD0679CD9} = {66D2EDF2-8346-4299-B82B-407DEA39A47F}
		{A43CA968-19C1-4DEE-A01C-99F381C6CE19} = {07DED9F4-4133-4BB8-88ED-875FC2981A13}
		{F58146A5-E4B2-4720-9A2D-5779625E72C3} = {07DED9F4-4133-4BB8-88ED-875FC2981A13}
		{2F81A1F2-74AE-4B75-9B5F-325BBA4A8580} = {07DED9F4-4133-4BB8-88ED-875FC2981A13}
		{92A0C398-0558-4DB9-936F-1D15EF69410C} = {07DED9F4-4133-4BB8-88ED-875FC2981A13}
		{AE6A9E37-747B-4C0A-81B5-ED1DE048601E} = {07DED9F4-4133-4BB8-88ED-875FC2981A13}
	EndGlobalSection
	GlobalSection(ExtensibilityGlobals) = postSolution
		SolutionGuid = {8CF4CADF-3202-464F-A99C-40C0CBC5CEE0}
	EndGlobalSection
EndGlobal
